// !$*UTF8*$!
{
	archiveVersion = 1;
	classes = {
	};
	objectVersion = 50;
	objects = {

/* Begin PBXBuildFile section */
		E6020F31214B7AFA00E7B368 /* PhotosViewController.swift in Sources */ = {isa = PBXBuildFile; fileRef = E6020F30214B7AFA00E7B368 /* PhotosViewController.swift */; };
		E6099242214B8582001166B4 /* PhotoCell.swift in Sources */ = {isa = PBXBuildFile; fileRef = E6099241214B8582001166B4 /* PhotoCell.swift */; };
		E66C87EE214B1B6C008E6541 /* AppDelegate.swift in Sources */ = {isa = PBXBuildFile; fileRef = E66C87ED214B1B6C008E6541 /* AppDelegate.swift */; };
		E66C87F3214B1B6C008E6541 /* Main.storyboard in Resources */ = {isa = PBXBuildFile; fileRef = E66C87F1214B1B6C008E6541 /* Main.storyboard */; };
		E66C87F5214B1B6E008E6541 /* Assets.xcassets in Resources */ = {isa = PBXBuildFile; fileRef = E66C87F4214B1B6E008E6541 /* Assets.xcassets */; };
		E66C87F8214B1B6E008E6541 /* LaunchScreen.storyboard in Resources */ = {isa = PBXBuildFile; fileRef = E66C87F6214B1B6E008E6541 /* LaunchScreen.storyboard */; };
		E6E413852152E35E00078A91 /* icon_app_store.png in Resources */ = {isa = PBXBuildFile; fileRef = E6E413842152E35E00078A91 /* icon_app_store.png */; };
		F498A58E8F26DF5CD1A54F26 /* Pods_Week_lab_1.framework in Frameworks */ = {isa = PBXBuildFile; fileRef = 712FE71FDA315A0899133E01 /* Pods_Week_lab_1.framework */; };
/* End PBXBuildFile section */

/* Begin PBXFileReference section */
		30F24E3783725DC0167516D5 /* Pods-Week lab 1.release.xcconfig */ = {isa = PBXFileReference; includeInIndex = 1; lastKnownFileType = text.xcconfig; name = "Pods-Week lab 1.release.xcconfig"; path = "Pods/Target Support Files/Pods-Week lab 1/Pods-Week lab 1.release.xcconfig"; sourceTree = "<group>"; };
		712FE71FDA315A0899133E01 /* Pods_Week_lab_1.framework */ = {isa = PBXFileReference; explicitFileType = wrapper.framework; includeInIndex = 0; path = Pods_Week_lab_1.framework; sourceTree = BUILT_PRODUCTS_DIR; };
		879CF903A5FA93A838BE9DEB /* Pods-Week lab 1.debug.xcconfig */ = {isa = PBXFileReference; includeInIndex = 1; lastKnownFileType = text.xcconfig; name = "Pods-Week lab 1.debug.xcconfig"; path = "Pods/Target Support Files/Pods-Week lab 1/Pods-Week lab 1.debug.xcconfig"; sourceTree = "<group>"; };
		E6020F30214B7AFA00E7B368 /* PhotosViewController.swift */ = {isa = PBXFileReference; lastKnownFileType = sourcecode.swift; path = PhotosViewController.swift; sourceTree = "<group>"; };
		E6099241214B8582001166B4 /* PhotoCell.swift */ = {isa = PBXFileReference; lastKnownFileType = sourcecode.swift; path = PhotoCell.swift; sourceTree = "<group>"; };
		E66C87EA214B1B6C008E6541 /* Week lab 1.app */ = {isa = PBXFileReference; explicitFileType = wrapper.application; includeInIndex = 0; path = "Week lab 1.app"; sourceTree = BUILT_PRODUCTS_DIR; };
		E66C87ED214B1B6C008E6541 /* AppDelegate.swift */ = {isa = PBXFileReference; lastKnownFileType = sourcecode.swift; path = AppDelegate.swift; sourceTree = "<group>"; };
		E66C87F2214B1B6C008E6541 /* Base */ = {isa = PBXFileReference; lastKnownFileType = file.storyboard; name = Base; path = Base.lproj/Main.storyboard; sourceTree = "<group>"; };
		E66C87F4214B1B6E008E6541 /* Assets.xcassets */ = {isa = PBXFileReference; lastKnownFileType = folder.assetcatalog; path = Assets.xcassets; sourceTree = "<group>"; };
		E66C87F7214B1B6E008E6541 /* Base */ = {isa = PBXFileReference; lastKnownFileType = file.storyboard; name = Base; path = Base.lproj/LaunchScreen.storyboard; sourceTree = "<group>"; };
		E66C87F9214B1B6E008E6541 /* Info.plist */ = {isa = PBXFileReference; lastKnownFileType = text.plist.xml; path = Info.plist; sourceTree = "<group>"; };
		E6E413842152E35E00078A91 /* icon_app_store.png */ = {isa = PBXFileReference; lastKnownFileType = image.png; name = icon_app_store.png; path = "Week lab 1/icon_app_store.png"; sourceTree = SOURCE_ROOT; };
/* End PBXFileReference section */

/* Begin PBXFrameworksBuildPhase section */
		E66C87E7214B1B6C008E6541 /* Frameworks */ = {
			isa = PBXFrameworksBuildPhase;
			buildActionMask = 2147483647;
			files = (
				F498A58E8F26DF5CD1A54F26 /* Pods_Week_lab_1.framework in Frameworks */,
			);
			runOnlyForDeploymentPostprocessing = 0;
		};
/* End PBXFrameworksBuildPhase section */

/* Begin PBXGroup section */
		338B5DD535821579A24C5261 /* Frameworks */ = {
			isa = PBXGroup;
			children = (
				712FE71FDA315A0899133E01 /* Pods_Week_lab_1.framework */,
			);
			name = Frameworks;
			sourceTree = "<group>";
		};
		3961ED9B0A78CB03192A4304 /* Pods */ = {
			isa = PBXGroup;
			children = (
				879CF903A5FA93A838BE9DEB /* Pods-Week lab 1.debug.xcconfig */,
				30F24E3783725DC0167516D5 /* Pods-Week lab 1.release.xcconfig */,
			);
			name = Pods;
			sourceTree = "<group>";
		};
		E65D233E2152E2B5005F3974 /* ViewController */ = {
			isa = PBXGroup;
			children = (
				E6E413842152E35E00078A91 /* icon_app_store.png */,
				E6020F30214B7AFA00E7B368 /* PhotosViewController.swift */,
			);
			path = ViewController;
			sourceTree = "<group>";
		};
		E65D233F2152E2D6005F3974 /* View */ = {
			isa = PBXGroup;
			children = (
				E6099241214B8582001166B4 /* PhotoCell.swift */,
			);
			path = View;
			sourceTree = "<group>";
		};
		E66C87E1214B1B6C008E6541 = {
			isa = PBXGroup;
			children = (
				E66C87EC214B1B6C008E6541 /* Week lab 1 */,
				E66C87EB214B1B6C008E6541 /* Products */,
				3961ED9B0A78CB03192A4304 /* Pods */,
				338B5DD535821579A24C5261 /* Frameworks */,
			);
			sourceTree = "<group>";
		};
		E66C87EB214B1B6C008E6541 /* Products */ = {
			isa = PBXGroup;
			children = (
				E66C87EA214B1B6C008E6541 /* Week lab 1.app */,
			);
			name = Products;
			sourceTree = "<group>";
		};
		E66C87EC214B1B6C008E6541 /* Week lab 1 */ = {
			isa = PBXGroup;
			children = (
				E65D233F2152E2D6005F3974 /* View */,
				E65D233E2152E2B5005F3974 /* ViewController */,
				E66C87ED214B1B6C008E6541 /* AppDelegate.swift */,
				E66C87F1214B1B6C008E6541 /* Main.storyboard */,
				E66C87F4214B1B6E008E6541 /* Assets.xcassets */,
				E66C87F6214B1B6E008E6541 /* LaunchScreen.storyboard */,
				E66C87F9214B1B6E008E6541 /* Info.plist */,
			);
			path = "Week lab 1";
			sourceTree = "<group>";
		};
/* End PBXGroup section */

/* Begin PBXNativeTarget section */
		E66C87E9214B1B6C008E6541 /* Week lab 1 */ = {
			isa = PBXNativeTarget;
			buildConfigurationList = E66C87FC214B1B6E008E6541 /* Build configuration list for PBXNativeTarget "Week lab 1" */;
			buildPhases = (
				EDEBC3D65997FFC8DAF0DF2F /* [CP] Check Pods Manifest.lock */,
				E66C87E6214B1B6C008E6541 /* Sources */,
				E66C87E7214B1B6C008E6541 /* Frameworks */,
				E66C87E8214B1B6C008E6541 /* Resources */,
				43622D0B31186ED78C60DC57 /* [CP] Embed Pods Frameworks */,
			);
			buildRules = (
			);
			dependencies = (
			);
			name = "Week lab 1";
			productName = "Week lab 1";
			productReference = E66C87EA214B1B6C008E6541 /* Week lab 1.app */;
			productType = "com.apple.product-type.application";
		};
/* End PBXNativeTarget section */

/* Begin PBXProject section */
		E66C87E2214B1B6C008E6541 /* Project object */ = {
			isa = PBXProject;
			attributes = {
				LastSwiftUpdateCheck = 0940;
				LastUpgradeCheck = 0940;
				ORGANIZATIONNAME = Softmatech;
				TargetAttributes = {
					E66C87E9214B1B6C008E6541 = {
						CreatedOnToolsVersion = 9.4.1;
					};
				};
			};
			buildConfigurationList = E66C87E5214B1B6C008E6541 /* Build configuration list for PBXProject "Week lab 1" */;
			compatibilityVersion = "Xcode 9.3";
			developmentRegion = en;
			hasScannedForEncodings = 0;
			knownRegions = (
				en,
				Base,
			);
			mainGroup = E66C87E1214B1B6C008E6541;
			productRefGroup = E66C87EB214B1B6C008E6541 /* Products */;
			projectDirPath = "";
			projectRoot = "";
			targets = (
				E66C87E9214B1B6C008E6541 /* Week lab 1 */,
			);
		};
/* End PBXProject section */

/* Begin PBXResourcesBuildPhase section */
		E66C87E8214B1B6C008E6541 /* Resources */ = {
			isa = PBXResourcesBuildPhase;
			buildActionMask = 2147483647;
			files = (
				E66C87F8214B1B6E008E6541 /* LaunchScreen.storyboard in Resources */,
				E66C87F5214B1B6E008E6541 /* Assets.xcassets in Resources */,
				E6E413852152E35E00078A91 /* icon_app_store.png in Resources */,
				E66C87F3214B1B6C008E6541 /* Main.storyboard in Resources */,
			);
			runOnlyForDeploymentPostprocessing = 0;
		};
/* End PBXResourcesBuildPhase section */

/* Begin PBXShellScriptBuildPhase section */
		43622D0B31186ED78C60DC57 /* [CP] Embed Pods Frameworks */ = {
			isa = PBXShellScriptBuildPhase;
			buildActionMask = 2147483647;
			files = (
			);
			inputPaths = (
				"${SRCROOT}/Pods/Target Support Files/Pods-Week lab 1/Pods-Week lab 1-frameworks.sh",
				"${BUILT_PRODUCTS_DIR}/Alamofire/Alamofire.framework",
				"${BUILT_PRODUCTS_DIR}/AlamofireImage/AlamofireImage.framework",
				"${BUILT_PRODUCTS_DIR}/OAuthSwift/OAuthSwift.framework",
				"${BUILT_PRODUCTS_DIR}/OAuthSwiftAlamofire/OAuthSwiftAlamofire.framework",
			);
			name = "[CP] Embed Pods Frameworks";
			outputPaths = (
				"${TARGET_BUILD_DIR}/${FRAMEWORKS_FOLDER_PATH}/Alamofire.framework",
				"${TARGET_BUILD_DIR}/${FRAMEWORKS_FOLDER_PATH}/AlamofireImage.framework",
				"${TARGET_BUILD_DIR}/${FRAMEWORKS_FOLDER_PATH}/OAuthSwift.framework",
				"${TARGET_BUILD_DIR}/${FRAMEWORKS_FOLDER_PATH}/OAuthSwiftAlamofire.framework",
			);
			runOnlyForDeploymentPostprocessing = 0;
			shellPath = /bin/sh;
			shellScript = "\"${SRCROOT}/Pods/Target Support Files/Pods-Week lab 1/Pods-Week lab 1-frameworks.sh\"\n";
			showEnvVarsInLog = 0;
		};
		EDEBC3D65997FFC8DAF0DF2F /* [CP] Check Pods Manifest.lock */ = {
			isa = PBXShellScriptBuildPhase;
			buildActionMask = 2147483647;
			files = (
			);
			inputPaths = (
				"${PODS_PODFILE_DIR_PATH}/Podfile.lock",
				"${PODS_ROOT}/Manifest.lock",
			);
			name = "[CP] Check Pods Manifest.lock";
			outputPaths = (
				"$(DERIVED_FILE_DIR)/Pods-Week lab 1-checkManifestLockResult.txt",
			);
			runOnlyForDeploymentPostprocessing = 0;
			shellPath = /bin/sh;
			shellScript = "diff \"${PODS_PODFILE_DIR_PATH}/Podfile.lock\" \"${PODS_ROOT}/Manifest.lock\" > /dev/null\nif [ $? != 0 ] ; then\n    # print error to STDERR\n    echo \"error: The sandbox is not in sync with the Podfile.lock. Run 'pod install' or update your CocoaPods installation.\" >&2\n    exit 1\nfi\n# This output is used by Xcode 'outputs' to avoid re-running this script phase.\necho \"SUCCESS\" > \"${SCRIPT_OUTPUT_FILE_0}\"\n";
			showEnvVarsInLog = 0;
		};
/* End PBXShellScriptBuildPhase section */

/* Begin PBXSourcesBuildPhase section */
		E66C87E6214B1B6C008E6541 /* Sources */ = {
			isa = PBXSourcesBuildPhase;
			buildActionMask = 2147483647;
			files = (
				E6099242214B8582001166B4 /* PhotoCell.swift in Sources */,
				E66C87EE214B1B6C008E6541 /* AppDelegate.swift in Sources */,
				E6020F31214B7AFA00E7B368 /* PhotosViewController.swift in Sources */,
			);
			runOnlyForDeploymentPostprocessing = 0;
		};
/* End PBXSourcesBuildPhase section */

/* Begin PBXVariantGroup section */
		E66C87F1214B1B6C008E6541 /* Main.storyboard */ = {
			isa = PBXVariantGroup;
			children = (
				E66C87F2214B1B6C008E6541 /* Base */,
			);
			name = Main.storyboard;
			sourceTree = "<group>";
		};
		E66C87F6214B1B6E008E6541 /* LaunchScreen.storyboard */ = {
			isa = PBXVariantGroup;
			children = (
				E66C87F7214B1B6E008E6541 /* Base */,
			);
			name = LaunchScreen.storyboard;
			sourceTree = "<group>";
		};
/* End PBXVariantGroup section */

/* Begin XCBuildConfiguration section */
		E66C87FA214B1B6E008E6541 /* Debug */ = {
			isa = XCBuildConfiguration;
			buildSettings = {
				ALWAYS_SEARCH_USER_PATHS = NO;
				CLANG_ANALYZER_NONNULL = YES;
				CLANG_ANALYZER_NUMBER_OBJECT_CONVERSION = YES_AGGRESSIVE;
				CLANG_CXX_LANGUAGE_STANDARD = "gnu++14";
				CLANG_CXX_LIBRARY = "libc++";
				CLANG_ENABLE_MODULES = YES;
				CLANG_ENABLE_OBJC_ARC = YES;
				CLANG_ENABLE_OBJC_WEAK = YES;
				CLANG_WARN_BLOCK_CAPTURE_AUTORELEASING = YES;
				CLANG_WARN_BOOL_CONVERSION = YES;
				CLANG_WARN_COMMA = YES;
				CLANG_WARN_CONSTANT_CONVERSION = YES;
				CLANG_WARN_DEPRECATED_OBJC_IMPLEMENTATIONS = YES;
				CLANG_WARN_DIRECT_OBJC_ISA_USAGE = YES_ERROR;
				CLANG_WARN_DOCUMENTATION_COMMENTS = YES;
				CLANG_WARN_EMPTY_BODY = YES;
				CLANG_WARN_ENUM_CONVERSION = YES;
				CLANG_WARN_INFINITE_RECURSION = YES;
				CLANG_WARN_INT_CONVERSION = YES;
				CLANG_WARN_NON_LITERAL_NULL_CONVERSION = YES;
				CLANG_WARN_OBJC_IMPLICIT_RETAIN_SELF = YES;
				CLANG_WARN_OBJC_LITERAL_CONVERSION = YES;
				CLANG_WARN_OBJC_ROOT_CLASS = YES_ERROR;
				CLANG_WARN_RANGE_LOOP_ANALYSIS = YES;
				CLANG_WARN_STRICT_PROTOTYPES = YES;
				CLANG_WARN_SUSPICIOUS_MOVE = YES;
				CLANG_WARN_UNGUARDED_AVAILABILITY = YES_AGGRESSIVE;
				CLANG_WARN_UNREACHABLE_CODE = YES;
				CLANG_WARN__DUPLICATE_METHOD_MATCH = YES;
				CODE_SIGN_IDENTITY = "iPhone Developer";
				COPY_PHASE_STRIP = NO;
				DEBUG_INFORMATION_FORMAT = dwarf;
				ENABLE_STRICT_OBJC_MSGSEND = YES;
				ENABLE_TESTABILITY = YES;
				GCC_C_LANGUAGE_STANDARD = gnu11;
				GCC_DYNAMIC_NO_PIC = NO;
				GCC_NO_COMMON_BLOCKS = YES;
				GCC_OPTIMIZATION_LEVEL = 0;
				GCC_PREPROCESSOR_DEFINITIONS = (
					"DEBUG=1",
					"$(inherited)",
				);
				GCC_WARN_64_TO_32_BIT_CONVERSION = YES;
				GCC_WARN_ABOUT_RETURN_TYPE = YES_ERROR;
				GCC_WARN_UNDECLARED_SELECTOR = YES;
				GCC_WARN_UNINITIALIZED_AUTOS = YES_AGGRESSIVE;
				GCC_WARN_UNUSED_FUNCTION = YES;
				GCC_WARN_UNUSED_VARIABLE = YES;
				IPHONEOS_DEPLOYMENT_TARGET = 10.3;
				MTL_ENABLE_DEBUG_INFO = YES;
				ONLY_ACTIVE_ARCH = YES;
				SDKROOT = iphoneos;
				SWIFT_ACTIVE_COMPILATION_CONDITIONS = DEBUG;
				SWIFT_OPTIMIZATION_LEVEL = "-Onone";
			};
			name = Debug;
		};
		E66C87FB214B1B6E008E6541 /* Release */ = {
			isa = XCBuildConfiguration;
			buildSettings = {
				ALWAYS_SEARCH_USER_PATHS = NO;
				CLANG_ANALYZER_NONNULL = YES;
				CLANG_ANALYZER_NUMBER_OBJECT_CONVERSION = YES_AGGRESSIVE;
				CLANG_CXX_LANGUAGE_STANDARD = "gnu++14";
				CLANG_CXX_LIBRARY = "libc++";
				CLANG_ENABLE_MODULES = YES;
				CLANG_ENABLE_OBJC_ARC = YES;
				CLANG_ENABLE_OBJC_WEAK = YES;
				CLANG_WARN_BLOCK_CAPTURE_AUTORELEASING = YES;
				CLANG_WARN_BOOL_CONVERSION = YES;
				CLANG_WARN_COMMA = YES;
				CLANG_WARN_CONSTANT_CONVERSION = YES;
				CLANG_WARN_DEPRECATED_OBJC_IMPLEMENTATIONS = YES;
				CLANG_WARN_DIRECT_OBJC_ISA_USAGE = YES_ERROR;
				CLANG_WARN_DOCUMENTATION_COMMENTS = YES;
				CLANG_WARN_EMPTY_BODY = YES;
				CLANG_WARN_ENUM_CONVERSION = YES;
				CLANG_WARN_INFINITE_RECURSION = YES;
				CLANG_WARN_INT_CONVERSION = YES;
				CLANG_WARN_NON_LITERAL_NULL_CONVERSION = YES;
				CLANG_WARN_OBJC_IMPLICIT_RETAIN_SELF = YES;
				CLANG_WARN_OBJC_LITERAL_CONVERSION = YES;
				CLANG_WARN_OBJC_ROOT_CLASS = YES_ERROR;
				CLANG_WARN_RANGE_LOOP_ANALYSIS = YES;
				CLANG_WARN_STRICT_PROTOTYPES = YES;
				CLANG_WARN_SUSPICIOUS_MOVE = YES;
				CLANG_WARN_UNGUARDED_AVAILABILITY = YES_AGGRESSIVE;
				CLANG_WARN_UNREACHABLE_CODE = YES;
				CLANG_WARN__DUPLICATE_METHOD_MATCH = YES;
				CODE_SIGN_IDENTITY = "iPhone Developer";
				COPY_PHASE_STRIP = NO;
				DEBUG_INFORMATION_FORMAT = "dwarf-with-dsym";
				ENABLE_NS_ASSERTIONS = NO;
				ENABLE_STRICT_OBJC_MSGSEND = YES;
				GCC_C_LANGUAGE_STANDARD = gnu11;
				GCC_NO_COMMON_BLOCKS = YES;
				GCC_WARN_64_TO_32_BIT_CONVERSION = YES;
				GCC_WARN_ABOUT_RETURN_TYPE = YES_ERROR;
				GCC_WARN_UNDECLARED_SELECTOR = YES;
				GCC_WARN_UNINITIALIZED_AUTOS = YES_AGGRESSIVE;
				GCC_WARN_UNUSED_FUNCTION = YES;
				GCC_WARN_UNUSED_VARIABLE = YES;
				IPHONEOS_DEPLOYMENT_TARGET = 10.3;
				MTL_ENABLE_DEBUG_INFO = NO;
				SDKROOT = iphoneos;
				SWIFT_COMPILATION_MODE = wholemodule;
				SWIFT_OPTIMIZATION_LEVEL = "-O";
				VALIDATE_PRODUCT = YES;
			};
			name = Release;
		};
		E66C87FD214B1B6E008E6541 /* Debug */ = {
			isa = XCBuildConfiguration;
			baseConfigurationReference = 879CF903A5FA93A838BE9DEB /* Pods-Week lab 1.debug.xcconfig */;
			buildSettings = {
				ASSETCATALOG_COMPILER_APPICON_NAME = AppIcon;
				CODE_SIGN_STYLE = Automatic;
				DEVELOPMENT_TEAM = HQ4AXN336H;
				INFOPLIST_FILE = "Week lab 1/Info.plist";
				LD_RUNPATH_SEARCH_PATHS = (
					"$(inherited)",
					"@executable_path/Frameworks",
				);
				PRODUCT_BUNDLE_IDENTIFIER = "com.softmatech-haiti.Week-lab-1";
				PRODUCT_NAME = "$(TARGET_NAME)";
				SWIFT_VERSION = 4.0;
				TARGETED_DEVICE_FAMILY = "1,2";
			};
			name = Debug;
		};
		E66C87FE214B1B6E008E6541 /* Release */ = {
			isa = XCBuildConfiguration;
			baseConfigurationReference = 30F24E3783725DC0167516D5 /* Pods-Week lab 1.release.xcconfig */;
			buildSettings = {
				ASSETCATALOG_COMPILER_APPICON_NAME = AppIcon;
				CODE_SIGN_STYLE = Automatic;
				DEVELOPMENT_TEAM = HQ4AXN336H;
				INFOPLIST_FILE = "Week lab 1/Info.plist";
				LD_RUNPATH_SEARCH_PATHS = (
					"$(inherited)",
					"@executable_path/Frameworks",
				);
				PRODUCT_BUNDLE_IDENTIFIER = "com.softmatech-haiti.Week-lab-1";
				PRODUCT_NAME = "$(TARGET_NAME)";
				SWIFT_VERSION = 4.0;
				TARGETED_DEVICE_FAMILY = "1,2";
			};
			name = Release;
		};
/* End XCBuildConfiguration section */

/* Begin XCConfigurationList section */
		E66C87E5214B1B6C008E6541 /* Build configuration list for PBXProject "Week lab 1" */ = {
			isa = XCConfigurationList;
			buildConfigurations = (
				E66C87FA214B1B6E008E6541 /* Debug */,
				E66C87FB214B1B6E008E6541 /* Release */,
			);
			defaultConfigurationIsVisible = 0;
			defaultConfigurationName = Release;
		};
		E66C87FC214B1B6E008E6541 /* Build configuration list for PBXNativeTarget "Week lab 1" */ = {
			isa = XCConfigurationList;
			buildConfigurations = (
				E66C87FD214B1B6E008E6541 /* Debug */,
				E66C87FE214B1B6E008E6541 /* Release */,
			);
			defaultConfigurationIsVisible = 0;
			defaultConfigurationName = Release;
		};
/* End XCConfigurationList section */
	};
	rootObject = E66C87E2214B1B6C008E6541 /* Project object */;
}
